// !$*UTF8*$!
{
	archiveVersion = 1;
	classes = {
	};
	objectVersion = 50;
	objects = {

/* Begin PBXBuildFile section */
		C5841B2C22B3BC400021410B /* AppDelegate.swift in Sources */ = {isa = PBXBuildFile; fileRef = C5841B2B22B3BC400021410B /* AppDelegate.swift */; };
		C5841B2E22B3BC400021410B /* ViewController.swift in Sources */ = {isa = PBXBuildFile; fileRef = C5841B2D22B3BC400021410B /* ViewController.swift */; };
		C5841B3122B3BC410021410B /* Main.storyboard in Resources */ = {isa = PBXBuildFile; fileRef = C5841B2F22B3BC410021410B /* Main.storyboard */; };
		C5841B3322B3BC410021410B /* Assets.xcassets in Resources */ = {isa = PBXBuildFile; fileRef = C5841B3222B3BC410021410B /* Assets.xcassets */; };
		C5841B3622B3BC410021410B /* LaunchScreen.storyboard in Resources */ = {isa = PBXBuildFile; fileRef = C5841B3422B3BC410021410B /* LaunchScreen.storyboard */; };
		C5841B3E22B3BCB50021410B /* Bicycle.swift in Sources */ = {isa = PBXBuildFile; fileRef = C5841B3D22B3BCB50021410B /* Bicycle.swift */; };
/* End PBXBuildFile section */

/* Begin PBXFileReference section */
		C5841B2822B3BC400021410B /* Demo-Jazzy-Bicycle.app */ = {isa = PBXFileReference; explicitFileType = wrapper.application; includeInIndex = 0; path = "Demo-Jazzy-Bicycle.app"; sourceTree = BUILT_PRODUCTS_DIR; };
		C5841B2B22B3BC400021410B /* AppDelegate.swift */ = {isa = PBXFileReference; lastKnownFileType = sourcecode.swift; path = AppDelegate.swift; sourceTree = "<group>"; };
		C5841B2D22B3BC400021410B /* ViewController.swift */ = {isa = PBXFileReference; lastKnownFileType = sourcecode.swift; path = ViewController.swift; sourceTree = "<group>"; };
		C5841B3022B3BC410021410B /* Base */ = {isa = PBXFileReference; lastKnownFileType = file.storyboard; name = Base; path = Base.lproj/Main.storyboard; sourceTree = "<group>"; };
		C5841B3222B3BC410021410B /* Assets.xcassets */ = {isa = PBXFileReference; lastKnownFileType = folder.assetcatalog; path = Assets.xcassets; sourceTree = "<group>"; };
		C5841B3522B3BC410021410B /* Base */ = {isa = PBXFileReference; lastKnownFileType = file.storyboard; name = Base; path = Base.lproj/LaunchScreen.storyboard; sourceTree = "<group>"; };
		C5841B3722B3BC410021410B /* Info.plist */ = {isa = PBXFileReference; lastKnownFileType = text.plist.xml; path = Info.plist; sourceTree = "<group>"; };
		C5841B3D22B3BCB50021410B /* Bicycle.swift */ = {isa = PBXFileReference; lastKnownFileType = sourcecode.swift; path = Bicycle.swift; sourceTree = "<group>"; };
/* End PBXFileReference section */

/* Begin PBXFrameworksBuildPhase section */
		C5841B2522B3BC400021410B /* Frameworks */ = {
			isa = PBXFrameworksBuildPhase;
			buildActionMask = 2147483647;
			files = (
			);
			runOnlyForDeploymentPostprocessing = 0;
		};
/* End PBXFrameworksBuildPhase section */

/* Begin PBXGroup section */
		C5841B1F22B3BC400021410B = {
			isa = PBXGroup;
			children = (
				C5841B2A22B3BC400021410B /* Demo-Jazzy-Bicycle */,
				C5841B2922B3BC400021410B /* Products */,
			);
			sourceTree = "<group>";
		};
		C5841B2922B3BC400021410B /* Products */ = {
			isa = PBXGroup;
			children = (
				C5841B2822B3BC400021410B /* Demo-Jazzy-Bicycle.app */,
			);
			name = Products;
			sourceTree = "<group>";
		};
		C5841B2A22B3BC400021410B /* Demo-Jazzy-Bicycle */ = {
			isa = PBXGroup;
			children = (
				C5841B2B22B3BC400021410B /* AppDelegate.swift */,
				C5841B2D22B3BC400021410B /* ViewController.swift */,
				C5841B3D22B3BCB50021410B /* Bicycle.swift */,
				C5841B2F22B3BC410021410B /* Main.storyboard */,
				C5841B3222B3BC410021410B /* Assets.xcassets */,
				C5841B3422B3BC410021410B /* LaunchScreen.storyboard */,
				C5841B3722B3BC410021410B /* Info.plist */,
			);
			path = "Demo-Jazzy-Bicycle";
			sourceTree = "<group>";
		};
/* End PBXGroup section */

/* Begin PBXNativeTarget section */
		C5841B2722B3BC400021410B /* Demo-Jazzy-Bicycle */ = {
			isa = PBXNativeTarget;
			buildConfigurationList = C5841B3A22B3BC410021410B /* Build configuration list for PBXNativeTarget "Demo-Jazzy-Bicycle" */;
			buildPhases = (
				C5841B2422B3BC400021410B /* Sources */,
				C5841B2522B3BC400021410B /* Frameworks */,
				C5841B2622B3BC400021410B /* Resources */,
			);
			buildRules = (
			);
			dependencies = (
			);
			name = "Demo-Jazzy-Bicycle";
			productName = "Demo-Jazzy-Bicycle";
			productReference = C5841B2822B3BC400021410B /* Demo-Jazzy-Bicycle.app */;
			productType = "com.apple.product-type.application";
		};
/* End PBXNativeTarget section */

/* Begin PBXProject section */
		C5841B2022B3BC400021410B /* Project object */ = {
			isa = PBXProject;
			attributes = {
				LastSwiftUpdateCheck = 1020;
				LastUpgradeCheck = 1020;
				ORGANIZATIONNAME = "Aldrin A Thivyanathan";
				TargetAttributes = {
					C5841B2722B3BC400021410B = {
						CreatedOnToolsVersion = 10.2.1;
					};
				};
			};
			buildConfigurationList = C5841B2322B3BC400021410B /* Build configuration list for PBXProject "Demo-Jazzy-Bicycle" */;
			compatibilityVersion = "Xcode 9.3";
			developmentRegion = en;
			hasScannedForEncodings = 0;
			knownRegions = (
				en,
				Base,
			);
			mainGroup = C5841B1F22B3BC400021410B;
			productRefGroup = C5841B2922B3BC400021410B /* Products */;
			projectDirPath = "";
			projectRoot = "";
			targets = (
				C5841B2722B3BC400021410B /* Demo-Jazzy-Bicycle */,
			);
		};
/* End PBXProject section */

/* Begin PBXResourcesBuildPhase section */
		C5841B2622B3BC400021410B /* Resources */ = {
			isa = PBXResourcesBuildPhase;
			buildActionMask = 2147483647;
			files = (
				C5841B3622B3BC410021410B /* LaunchScreen.storyboard in Resources */,
				C5841B3322B3BC410021410B /* Assets.xcassets in Resources */,
				C5841B3122B3BC410021410B /* Main.storyboard in Resources */,
			);
			runOnlyForDeploymentPostprocessing = 0;
		};
/* End PBXResourcesBuildPhase section */

/* Begin PBXSourcesBuildPhase section */
		C5841B2422B3BC400021410B /* Sources */ = {
			isa = PBXSourcesBuildPhase;
			buildActionMask = 2147483647;
			files = (
				C5841B3E22B3BCB50021410B /* Bicycle.swift in Sources */,
				C5841B2E22B3BC400021410B /* ViewController.swift in Sources */,
				C5841B2C22B3BC400021410B /* AppDelegate.swift in Sources */,
			);
			runOnlyForDeploymentPostprocessing = 0;
		};
/* End PBXSourcesBuildPhase section */

/* Begin PBXVariantGroup section */
		C5841B2F22B3BC410021410B /* Main.storyboard */ = {
			isa = PBXVariantGroup;
			children = (
				C5841B3022B3BC410021410B /* Base */,
			);
			name = Main.storyboard;
			sourceTree = "<group>";
		};
		C5841B3422B3BC410021410B /* LaunchScreen.storyboard */ = {
			isa = PBXVariantGroup;
			children = (
				C5841B3522B3BC410021410B /* Base */,
			);
			name = LaunchScreen.storyboard;
			sourceTree = "<group>";
		};
/* End PBXVariantGroup section */

/* Begin XCBuildConfiguration section */
		C5841B3822B3BC410021410B /* Debug */ = {
			isa = XCBuildConfiguration;
			buildSettings = {
				ALWAYS_SEARCH_USER_PATHS = NO;
				CLANG_ANALYZER_NONNULL = YES;
				CLANG_ANALYZER_NUMBER_OBJECT_CONVERSION = YES_AGGRESSIVE;
				CLANG_CXX_LANGUAGE_STANDARD = "gnu++14";
				CLANG_CXX_LIBRARY = "libc++";
				CLANG_ENABLE_MODULES = YES;
				CLANG_ENABLE_OBJC_ARC = YES;
				CLANG_ENABLE_OBJC_WEAK = YES;
				CLANG_WARN_BLOCK_CAPTURE_AUTORELEASING = YES;
				CLANG_WARN_BOOL_CONVERSION = YES;
				CLANG_WARN_COMMA = YES;
				CLANG_WARN_CONSTANT_CONVERSION = YES;
				CLANG_WARN_DEPRECATED_OBJC_IMPLEMENTATIONS = YES;
				CLANG_WARN_DIRECT_OBJC_ISA_USAGE = YES_ERROR;
				CLANG_WARN_DOCUMENTATION_COMMENTS = YES;
				CLANG_WARN_EMPTY_BODY = YES;
				CLANG_WARN_ENUM_CONVERSION = YES;
				CLANG_WARN_INFINITE_RECURSION = YES;
				CLANG_WARN_INT_CONVERSION = YES;
				CLANG_WARN_NON_LITERAL_NULL_CONVERSION = YES;
				CLANG_WARN_OBJC_IMPLICIT_RETAIN_SELF = YES;
				CLANG_WARN_OBJC_LITERAL_CONVERSION = YES;
				CLANG_WARN_OBJC_ROOT_CLASS = YES_ERROR;
				CLANG_WARN_RANGE_LOOP_ANALYSIS = YES;
				CLANG_WARN_STRICT_PROTOTYPES = YES;
				CLANG_WARN_SUSPICIOUS_MOVE = YES;
				CLANG_WARN_UNGUARDED_AVAILABILITY = YES_AGGRESSIVE;
				CLANG_WARN_UNREACHABLE_CODE = YES;
				CLANG_WARN__DUPLICATE_METHOD_MATCH = YES;
				CODE_SIGN_IDENTITY = "iPhone Developer";
				COPY_PHASE_STRIP = NO;
				DEBUG_INFORMATION_FORMAT = dwarf;
				ENABLE_STRICT_OBJC_MSGSEND = YES;
				ENABLE_TESTABILITY = YES;
				GCC_C_LANGUAGE_STANDARD = gnu11;
				GCC_DYNAMIC_NO_PIC = NO;
				GCC_NO_COMMON_BLOCKS = YES;
				GCC_OPTIMIZATION_LEVEL = 0;
				GCC_PREPROCESSOR_DEFINITIONS = (
					"DEBUG=1",
					"$(inherited)",
				);
				GCC_WARN_64_TO_32_BIT_CONVERSION = YES;
				GCC_WARN_ABOUT_RETURN_TYPE = YES_ERROR;
				GCC_WARN_UNDECLARED_SELECTOR = YES;
				GCC_WARN_UNINITIALIZED_AUTOS = YES_AGGRESSIVE;
				GCC_WARN_UNUSED_FUNCTION = YES;
				GCC_WARN_UNUSED_VARIABLE = YES;
				IPHONEOS_DEPLOYMENT_TARGET = 12.2;
				MTL_ENABLE_DEBUG_INFO = INCLUDE_SOURCE;
				MTL_FAST_MATH = YES;
				ONLY_ACTIVE_ARCH = YES;
				SDKROOT = iphoneos;
				SWIFT_ACTIVE_COMPILATION_CONDITIONS = DEBUG;
				SWIFT_OPTIMIZATION_LEVEL = "-Onone";
			};
			name = Debug;
		};
		C5841B3922B3BC410021410B /* Release */ = {
			isa = XCBuildConfiguration;
			buildSettings = {
				ALWAYS_SEARCH_USER_PATHS = NO;
				CLANG_ANALYZER_NONNULL = YES;
				CLANG_ANALYZER_NUMBER_OBJECT_CONVERSION = YES_AGGRESSIVE;
				CLANG_CXX_LANGUAGE_STANDARD = "gnu++14";
				CLANG_CXX_LIBRARY = "libc++";
				CLANG_ENABLE_MODULES = YES;
				CLANG_ENABLE_OBJC_ARC = YES;
				CLANG_ENABLE_OBJC_WEAK = YES;
				CLANG_WARN_BLOCK_CAPTURE_AUTORELEASING = YES;
				CLANG_WARN_BOOL_CONVERSION = YES;
				CLANG_WARN_COMMA = YES;
				CLANG_WARN_CONSTANT_CONVERSION = YES;
				CLANG_WARN_DEPRECATED_OBJC_IMPLEMENTATIONS = YES;
				CLANG_WARN_DIRECT_OBJC_ISA_USAGE = YES_ERROR;
				CLANG_WARN_DOCUMENTATION_COMMENTS = YES;
				CLANG_WARN_EMPTY_BODY = YES;
				CLANG_WARN_ENUM_CONVERSION = YES;
				CLANG_WARN_INFINITE_RECURSION = YES;
				CLANG_WARN_INT_CONVERSION = YES;
				CLANG_WARN_NON_LITERAL_NULL_CONVERSION = YES;
				CLANG_WARN_OBJC_IMPLICIT_RETAIN_SELF = YES;
				CLANG_WARN_OBJC_LITERAL_CONVERSION = YES;
				CLANG_WARN_OBJC_ROOT_CLASS = YES_ERROR;
				CLANG_WARN_RANGE_LOOP_ANALYSIS = YES;
				CLANG_WARN_STRICT_PROTOTYPES = YES;
				CLANG_WARN_SUSPICIOUS_MOVE = YES;
				CLANG_WARN_UNGUARDED_AVAILABILITY = YES_AGGRESSIVE;
				CLANG_WARN_UNREACHABLE_CODE = YES;
				CLANG_WARN__DUPLICATE_METHOD_MATCH = YES;
				CODE_SIGN_IDENTITY = "iPhone Developer";
				COPY_PHASE_STRIP = NO;
				DEBUG_INFORMATION_FORMAT = "dwarf-with-dsym";
				ENABLE_NS_ASSERTIONS = NO;
				ENABLE_STRICT_OBJC_MSGSEND = YES;
				GCC_C_LANGUAGE_STANDARD = gnu11;
				GCC_NO_COMMON_BLOCKS = YES;
				GCC_WARN_64_TO_32_BIT_CONVERSION = YES;
				GCC_WARN_ABOUT_RETURN_TYPE = YES_ERROR;
				GCC_WARN_UNDECLARED_SELECTOR = YES;
				GCC_WARN_UNINITIALIZED_AUTOS = YES_AGGRESSIVE;
				GCC_WARN_UNUSED_FUNCTION = YES;
				GCC_WARN_UNUSED_VARIABLE = YES;
				IPHONEOS_DEPLOYMENT_TARGET = 12.2;
				MTL_ENABLE_DEBUG_INFO = NO;
				MTL_FAST_MATH = YES;
				SDKROOT = iphoneos;
				SWIFT_COMPILATION_MODE = wholemodule;
				SWIFT_OPTIMIZATION_LEVEL = "-O";
				VALIDATE_PRODUCT = YES;
			};
			name = Release;
		};
		C5841B3B22B3BC410021410B /* Debug */ = {
			isa = XCBuildConfiguration;
			buildSettings = {
				ASSETCATALOG_COMPILER_APPICON_NAME = AppIcon;
				CODE_SIGN_STYLE = Manual;
				DEVELOPMENT_TEAM = "";
				INFOPLIST_FILE = "Demo-Jazzy-Bicycle/Info.plist";
				LD_RUNPATH_SEARCH_PATHS = (
					"$(inherited)",
					"@executable_path/Frameworks",
				);
				PRODUCT_BUNDLE_IDENTIFIER = "com.pwc.Demo-Jazzy-Bicycle";
				PRODUCT_NAME = "$(TARGET_NAME)";
				PROVISIONING_PROFILE_SPECIFIER = "";
				SWIFT_VERSION = 5.0;
				TARGETED_DEVICE_FAMILY = "1,2";
			};
			name = Debug;
		};
		C5841B3C22B3BC410021410B /* Release */ = {
			isa = XCBuildConfiguration;
			buildSettings = {
				ASSETCATALOG_COMPILER_APPICON_NAME = AppIcon;
				CODE_SIGN_STYLE = Manual;
				DEVELOPMENT_TEAM = "";
				INFOPLIST_FILE = "Demo-Jazzy-Bicycle/Info.plist";
				LD_RUNPATH_SEARCH_PATHS = (
					"$(inherited)",
					"@executable_path/Frameworks",
				);
				PRODUCT_BUNDLE_IDENTIFIER = "com.pwc.Demo-Jazzy-Bicycle";
				PRODUCT_NAME = "$(TARGET_NAME)";
				PROVISIONING_PROFILE_SPECIFIER = "";
				SWIFT_VERSION = 5.0;
				TARGETED_DEVICE_FAMILY = "1,2";
			};
			name = Release;
		};
/* End XCBuildConfiguration section */

/* Begin XCConfigurationList section */
		C5841B2322B3BC400021410B /* Build configuration list for PBXProject "Demo-Jazzy-Bicycle" */ = {
			isa = XCConfigurationList;
			buildConfigurations = (
				C5841B3822B3BC410021410B /* Debug */,
				C5841B3922B3BC410021410B /* Release */,
			);
			defaultConfigurationIsVisible = 0;
			defaultConfigurationName = Release;
		};
		C5841B3A22B3BC410021410B /* Build configuration list for PBXNativeTarget "Demo-Jazzy-Bicycle" */ = {
			isa = XCConfigurationList;
			buildConfigurations = (
				C5841B3B22B3BC410021410B /* Debug */,
				C5841B3C22B3BC410021410B /* Release */,
			);
			defaultConfigurationIsVisible = 0;
			defaultConfigurationName = Release;
		};
/* End XCConfigurationList section */
	};
	rootObject = C5841B2022B3BC400021410B /* Project object */;
}
